// !$*UTF8*$!
{
	archiveVersion = 1;
	classes = {
	};
	objectVersion = 50;
	objects = {

/* Begin PBXBuildFile section */
		E12EAA43291B0BFF00130E54 /* aula08NovApp.swift in Sources */ = {isa = PBXBuildFile; fileRef = E12EAA42291B0BFF00130E54 /* aula08NovApp.swift */; };
		E12EAA45291B0BFF00130E54 /* ContentView.swift in Sources */ = {isa = PBXBuildFile; fileRef = E12EAA44291B0BFF00130E54 /* ContentView.swift */; };
		E12EAA47291B0C0000130E54 /* Assets.xcassets in Resources */ = {isa = PBXBuildFile; fileRef = E12EAA46291B0C0000130E54 /* Assets.xcassets */; };
		E12EAA4A291B0C0000130E54 /* Preview Assets.xcassets in Resources */ = {isa = PBXBuildFile; fileRef = E12EAA49291B0C0000130E54 /* Preview Assets.xcassets */; };
		E12EAA55291B0C0000130E54 /* aula08NovTests.swift in Sources */ = {isa = PBXBuildFile; fileRef = E12EAA54291B0C0000130E54 /* aula08NovTests.swift */; };
		E12EAA60291B0C0000130E54 /* aula08NovUITests.swift in Sources */ = {isa = PBXBuildFile; fileRef = E12EAA5F291B0C0000130E54 /* aula08NovUITests.swift */; };
/* End PBXBuildFile section */

/* Begin PBXContainerItemProxy section */
		E12EAA51291B0C0000130E54 /* PBXContainerItemProxy */ = {
			isa = PBXContainerItemProxy;
			containerPortal = E12EAA37291B0BFF00130E54 /* Project object */;
			proxyType = 1;
			remoteGlobalIDString = E12EAA3E291B0BFF00130E54;
			remoteInfo = aula08Nov;
		};
		E12EAA5C291B0C0000130E54 /* PBXContainerItemProxy */ = {
			isa = PBXContainerItemProxy;
			containerPortal = E12EAA37291B0BFF00130E54 /* Project object */;
			proxyType = 1;
			remoteGlobalIDString = E12EAA3E291B0BFF00130E54;
			remoteInfo = aula08Nov;
		};
/* End PBXContainerItemProxy section */

/* Begin PBXFileReference section */
		E12EAA3F291B0BFF00130E54 /* aula08Nov.app */ = {isa = PBXFileReference; explicitFileType = wrapper.application; includeInIndex = 0; path = aula08Nov.app; sourceTree = BUILT_PRODUCTS_DIR; };
		E12EAA42291B0BFF00130E54 /* aula08NovApp.swift */ = {isa = PBXFileReference; lastKnownFileType = sourcecode.swift; path = aula08NovApp.swift; sourceTree = "<group>"; };
		E12EAA44291B0BFF00130E54 /* ContentView.swift */ = {isa = PBXFileReference; lastKnownFileType = sourcecode.swift; path = ContentView.swift; sourceTree = "<group>"; };
		E12EAA46291B0C0000130E54 /* Assets.xcassets */ = {isa = PBXFileReference; lastKnownFileType = folder.assetcatalog; path = Assets.xcassets; sourceTree = "<group>"; };
		E12EAA49291B0C0000130E54 /* Preview Assets.xcassets */ = {isa = PBXFileReference; lastKnownFileType = folder.assetcatalog; path = "Preview Assets.xcassets"; sourceTree = "<group>"; };
		E12EAA4B291B0C0000130E54 /* Info.plist */ = {isa = PBXFileReference; lastKnownFileType = text.plist.xml; path = Info.plist; sourceTree = "<group>"; };
		E12EAA50291B0C0000130E54 /* aula08NovTests.xctest */ = {isa = PBXFileReference; explicitFileType = wrapper.cfbundle; includeInIndex = 0; path = aula08NovTests.xctest; sourceTree = BUILT_PRODUCTS_DIR; };
		E12EAA54291B0C0000130E54 /* aula08NovTests.swift */ = {isa = PBXFileReference; lastKnownFileType = sourcecode.swift; path = aula08NovTests.swift; sourceTree = "<group>"; };
		E12EAA56291B0C0000130E54 /* Info.plist */ = {isa = PBXFileReference; lastKnownFileType = text.plist.xml; path = Info.plist; sourceTree = "<group>"; };
		E12EAA5B291B0C0000130E54 /* aula08NovUITests.xctest */ = {isa = PBXFileReference; explicitFileType = wrapper.cfbundle; includeInIndex = 0; path = aula08NovUITests.xctest; sourceTree = BUILT_PRODUCTS_DIR; };
		E12EAA5F291B0C0000130E54 /* aula08NovUITests.swift */ = {isa = PBXFileReference; lastKnownFileType = sourcecode.swift; path = aula08NovUITests.swift; sourceTree = "<group>"; };
		E12EAA61291B0C0000130E54 /* Info.plist */ = {isa = PBXFileReference; lastKnownFileType = text.plist.xml; path = Info.plist; sourceTree = "<group>"; };
/* End PBXFileReference section */

/* Begin PBXFrameworksBuildPhase section */
		E12EAA3C291B0BFF00130E54 /* Frameworks */ = {
			isa = PBXFrameworksBuildPhase;
			buildActionMask = 2147483647;
			files = (
			);
			runOnlyForDeploymentPostprocessing = 0;
		};
		E12EAA4D291B0C0000130E54 /* Frameworks */ = {
			isa = PBXFrameworksBuildPhase;
			buildActionMask = 2147483647;
			files = (
			);
			runOnlyForDeploymentPostprocessing = 0;
		};
		E12EAA58291B0C0000130E54 /* Frameworks */ = {
			isa = PBXFrameworksBuildPhase;
			buildActionMask = 2147483647;
			files = (
			);
			runOnlyForDeploymentPostprocessing = 0;
		};
/* End PBXFrameworksBuildPhase section */

/* Begin PBXGroup section */
		E12EAA36291B0BFF00130E54 = {
			isa = PBXGroup;
			children = (
				E12EAA41291B0BFF00130E54 /* aula08Nov */,
				E12EAA53291B0C0000130E54 /* aula08NovTests */,
				E12EAA5E291B0C0000130E54 /* aula08NovUITests */,
				E12EAA40291B0BFF00130E54 /* Products */,
			);
			sourceTree = "<group>";
		};
		E12EAA40291B0BFF00130E54 /* Products */ = {
			isa = PBXGroup;
			children = (
				E12EAA3F291B0BFF00130E54 /* aula08Nov.app */,
				E12EAA50291B0C0000130E54 /* aula08NovTests.xctest */,
				E12EAA5B291B0C0000130E54 /* aula08NovUITests.xctest */,
			);
			name = Products;
			sourceTree = "<group>";
		};
		E12EAA41291B0BFF00130E54 /* aula08Nov */ = {
			isa = PBXGroup;
			children = (
				E12EAA42291B0BFF00130E54 /* aula08NovApp.swift */,
				E12EAA44291B0BFF00130E54 /* ContentView.swift */,
				E12EAA46291B0C0000130E54 /* Assets.xcassets */,
				E12EAA4B291B0C0000130E54 /* Info.plist */,
				E12EAA48291B0C0000130E54 /* Preview Content */,
			);
			path = aula08Nov;
			sourceTree = "<group>";
		};
		E12EAA48291B0C0000130E54 /* Preview Content */ = {
			isa = PBXGroup;
			children = (
				E12EAA49291B0C0000130E54 /* Preview Assets.xcassets */,
			);
			path = "Preview Content";
			sourceTree = "<group>";
		};
		E12EAA53291B0C0000130E54 /* aula08NovTests */ = {
			isa = PBXGroup;
			children = (
				E12EAA54291B0C0000130E54 /* aula08NovTests.swift */,
				E12EAA56291B0C0000130E54 /* Info.plist */,
			);
			path = aula08NovTests;
			sourceTree = "<group>";
		};
		E12EAA5E291B0C0000130E54 /* aula08NovUITests */ = {
			isa = PBXGroup;
			children = (
				E12EAA5F291B0C0000130E54 /* aula08NovUITests.swift */,
				E12EAA61291B0C0000130E54 /* Info.plist */,
			);
			path = aula08NovUITests;
			sourceTree = "<group>";
		};
/* End PBXGroup section */

/* Begin PBXNativeTarget section */
		E12EAA3E291B0BFF00130E54 /* aula08Nov */ = {
			isa = PBXNativeTarget;
			buildConfigurationList = E12EAA64291B0C0000130E54 /* Build configuration list for PBXNativeTarget "aula08Nov" */;
			buildPhases = (
				E12EAA3B291B0BFF00130E54 /* Sources */,
				E12EAA3C291B0BFF00130E54 /* Frameworks */,
				E12EAA3D291B0BFF00130E54 /* Resources */,
			);
			buildRules = (
			);
			dependencies = (
			);
			name = aula08Nov;
			productName = aula08Nov;
			productReference = E12EAA3F291B0BFF00130E54 /* aula08Nov.app */;
			productType = "com.apple.product-type.application";
		};
		E12EAA4F291B0C0000130E54 /* aula08NovTests */ = {
			isa = PBXNativeTarget;
			buildConfigurationList = E12EAA67291B0C0000130E54 /* Build configuration list for PBXNativeTarget "aula08NovTests" */;
			buildPhases = (
				E12EAA4C291B0C0000130E54 /* Sources */,
				E12EAA4D291B0C0000130E54 /* Frameworks */,
				E12EAA4E291B0C0000130E54 /* Resources */,
			);
			buildRules = (
			);
			dependencies = (
				E12EAA52291B0C0000130E54 /* PBXTargetDependency */,
			);
			name = aula08NovTests;
			productName = aula08NovTests;
			productReference = E12EAA50291B0C0000130E54 /* aula08NovTests.xctest */;
			productType = "com.apple.product-type.bundle.unit-test";
		};
		E12EAA5A291B0C0000130E54 /* aula08NovUITests */ = {
			isa = PBXNativeTarget;
			buildConfigurationList = E12EAA6A291B0C0000130E54 /* Build configuration list for PBXNativeTarget "aula08NovUITests" */;
			buildPhases = (
				E12EAA57291B0C0000130E54 /* Sources */,
				E12EAA58291B0C0000130E54 /* Frameworks */,
				E12EAA59291B0C0000130E54 /* Resources */,
			);
			buildRules = (
			);
			dependencies = (
				E12EAA5D291B0C0000130E54 /* PBXTargetDependency */,
			);
			name = aula08NovUITests;
			productName = aula08NovUITests;
			productReference = E12EAA5B291B0C0000130E54 /* aula08NovUITests.xctest */;
			productType = "com.apple.product-type.bundle.ui-testing";
		};
/* End PBXNativeTarget section */

/* Begin PBXProject section */
		E12EAA37291B0BFF00130E54 /* Project object */ = {
			isa = PBXProject;
			attributes = {
				LastSwiftUpdateCheck = 1250;
				LastUpgradeCheck = 1250;
				TargetAttributes = {
					E12EAA3E291B0BFF00130E54 = {
						CreatedOnToolsVersion = 12.5.1;
					};
					E12EAA4F291B0C0000130E54 = {
						CreatedOnToolsVersion = 12.5.1;
						TestTargetID = E12EAA3E291B0BFF00130E54;
					};
					E12EAA5A291B0C0000130E54 = {
						CreatedOnToolsVersion = 12.5.1;
						TestTargetID = E12EAA3E291B0BFF00130E54;
					};
				};
			};
			buildConfigurationList = E12EAA3A291B0BFF00130E54 /* Build configuration list for PBXProject "aula08Nov" */;
			compatibilityVersion = "Xcode 9.3";
			developmentRegion = en;
			hasScannedForEncodings = 0;
			knownRegions = (
				en,
				Base,
			);
			mainGroup = E12EAA36291B0BFF00130E54;
			productRefGroup = E12EAA40291B0BFF00130E54 /* Products */;
			projectDirPath = "";
			projectRoot = "";
			targets = (
				E12EAA3E291B0BFF00130E54 /* aula08Nov */,
				E12EAA4F291B0C0000130E54 /* aula08NovTests */,
				E12EAA5A291B0C0000130E54 /* aula08NovUITests */,
			);
		};
/* End PBXProject section */

/* Begin PBXResourcesBuildPhase section */
		E12EAA3D291B0BFF00130E54 /* Resources */ = {
			isa = PBXResourcesBuildPhase;
			buildActionMask = 2147483647;
			files = (
				E12EAA4A291B0C0000130E54 /* Preview Assets.xcassets in Resources */,
				E12EAA47291B0C0000130E54 /* Assets.xcassets in Resources */,
			);
			runOnlyForDeploymentPostprocessing = 0;
		};
		E12EAA4E291B0C0000130E54 /* Resources */ = {
			isa = PBXResourcesBuildPhase;
			buildActionMask = 2147483647;
			files = (
			);
			runOnlyForDeploymentPostprocessing = 0;
		};
		E12EAA59291B0C0000130E54 /* Resources */ = {
			isa = PBXResourcesBuildPhase;
			buildActionMask = 2147483647;
			files = (
			);
			runOnlyForDeploymentPostprocessing = 0;
		};
/* End PBXResourcesBuildPhase section */

/* Begin PBXSourcesBuildPhase section */
		E12EAA3B291B0BFF00130E54 /* Sources */ = {
			isa = PBXSourcesBuildPhase;
			buildActionMask = 2147483647;
			files = (
				E12EAA45291B0BFF00130E54 /* ContentView.swift in Sources */,
				E12EAA43291B0BFF00130E54 /* aula08NovApp.swift in Sources */,
			);
			runOnlyForDeploymentPostprocessing = 0;
		};
		E12EAA4C291B0C0000130E54 /* Sources */ = {
			isa = PBXSourcesBuildPhase;
			buildActionMask = 2147483647;
			files = (
				E12EAA55291B0C0000130E54 /* aula08NovTests.swift in Sources */,
			);
			runOnlyForDeploymentPostprocessing = 0;
		};
		E12EAA57291B0C0000130E54 /* Sources */ = {
			isa = PBXSourcesBuildPhase;
			buildActionMask = 2147483647;
			files = (
				E12EAA60291B0C0000130E54 /* aula08NovUITests.swift in Sources */,
			);
			runOnlyForDeploymentPostprocessing = 0;
		};
/* End PBXSourcesBuildPhase section */

/* Begin PBXTargetDependency section */
		E12EAA52291B0C0000130E54 /* PBXTargetDependency */ = {
			isa = PBXTargetDependency;
			target = E12EAA3E291B0BFF00130E54 /* aula08Nov */;
			targetProxy = E12EAA51291B0C0000130E54 /* PBXContainerItemProxy */;
		};
		E12EAA5D291B0C0000130E54 /* PBXTargetDependency */ = {
			isa = PBXTargetDependency;
			target = E12EAA3E291B0BFF00130E54 /* aula08Nov */;
			targetProxy = E12EAA5C291B0C0000130E54 /* PBXContainerItemProxy */;
		};
/* End PBXTargetDependency section */

/* Begin XCBuildConfiguration section */
		E12EAA62291B0C0000130E54 /* Debug */ = {
			isa = XCBuildConfiguration;
			buildSettings = {
				ALWAYS_SEARCH_USER_PATHS = NO;
				CLANG_ANALYZER_NONNULL = YES;
				CLANG_ANALYZER_NUMBER_OBJECT_CONVERSION = YES_AGGRESSIVE;
				CLANG_CXX_LANGUAGE_STANDARD = "gnu++14";
				CLANG_CXX_LIBRARY = "libc++";
				CLANG_ENABLE_MODULES = YES;
				CLANG_ENABLE_OBJC_ARC = YES;
				CLANG_ENABLE_OBJC_WEAK = YES;
				CLANG_WARN_BLOCK_CAPTURE_AUTORELEASING = YES;
				CLANG_WARN_BOOL_CONVERSION = YES;
				CLANG_WARN_COMMA = YES;
				CLANG_WARN_CONSTANT_CONVERSION = YES;
				CLANG_WARN_DEPRECATED_OBJC_IMPLEMENTATIONS = YES;
				CLANG_WARN_DIRECT_OBJC_ISA_USAGE = YES_ERROR;
				CLANG_WARN_DOCUMENTATION_COMMENTS = YES;
				CLANG_WARN_EMPTY_BODY = YES;
				CLANG_WARN_ENUM_CONVERSION = YES;
				CLANG_WARN_INFINITE_RECURSION = YES;
				CLANG_WARN_INT_CONVERSION = YES;
				CLANG_WARN_NON_LITERAL_NULL_CONVERSION = YES;
				CLANG_WARN_OBJC_IMPLICIT_RETAIN_SELF = YES;
				CLANG_WARN_OBJC_LITERAL_CONVERSION = YES;
				CLANG_WARN_OBJC_ROOT_CLASS = YES_ERROR;
				CLANG_WARN_QUOTED_INCLUDE_IN_FRAMEWORK_HEADER = YES;
				CLANG_WARN_RANGE_LOOP_ANALYSIS = YES;
				CLANG_WARN_STRICT_PROTOTYPES = YES;
				CLANG_WARN_SUSPICIOUS_MOVE = YES;
				CLANG_WARN_UNGUARDED_AVAILABILITY = YES_AGGRESSIVE;
				CLANG_WARN_UNREACHABLE_CODE = YES;
				CLANG_WARN__DUPLICATE_METHOD_MATCH = YES;
				COPY_PHASE_STRIP = NO;
				DEBUG_INFORMATION_FORMAT = dwarf;
				ENABLE_STRICT_OBJC_MSGSEND = YES;
				ENABLE_TESTABILITY = YES;
				GCC_C_LANGUAGE_STANDARD = gnu11;
				GCC_DYNAMIC_NO_PIC = NO;
				GCC_NO_COMMON_BLOCKS = YES;
				GCC_OPTIMIZATION_LEVEL = 0;
				GCC_PREPROCESSOR_DEFINITIONS = (
					"DEBUG=1",
					"$(inherited)",
				);
				GCC_WARN_64_TO_32_BIT_CONVERSION = YES;
				GCC_WARN_ABOUT_RETURN_TYPE = YES_ERROR;
				GCC_WARN_UNDECLARED_SELECTOR = YES;
				GCC_WARN_UNINITIALIZED_AUTOS = YES_AGGRESSIVE;
				GCC_WARN_UNUSED_FUNCTION = YES;
				GCC_WARN_UNUSED_VARIABLE = YES;
				IPHONEOS_DEPLOYMENT_TARGET = 14.5;
				MTL_ENABLE_DEBUG_INFO = INCLUDE_SOURCE;
				MTL_FAST_MATH = YES;
				ONLY_ACTIVE_ARCH = YES;
				SDKROOT = iphoneos;
				SWIFT_ACTIVE_COMPILATION_CONDITIONS = DEBUG;
				SWIFT_OPTIMIZATION_LEVEL = "-Onone";
			};
			name = Debug;
		};
		E12EAA63291B0C0000130E54 /* Release */ = {
			isa = XCBuildConfiguration;
			buildSettings = {
				ALWAYS_SEARCH_USER_PATHS = NO;
				CLANG_ANALYZER_NONNULL = YES;
				CLANG_ANALYZER_NUMBER_OBJECT_CONVERSION = YES_AGGRESSIVE;
				CLANG_CXX_LANGUAGE_STANDARD = "gnu++14";
				CLANG_CXX_LIBRARY = "libc++";
				CLANG_ENABLE_MODULES = YES;
				CLANG_ENABLE_OBJC_ARC = YES;
				CLANG_ENABLE_OBJC_WEAK = YES;
				CLANG_WARN_BLOCK_CAPTURE_AUTORELEASING = YES;
				CLANG_WARN_BOOL_CONVERSION = YES;
				CLANG_WARN_COMMA = YES;
				CLANG_WARN_CONSTANT_CONVERSION = YES;
				CLANG_WARN_DEPRECATED_OBJC_IMPLEMENTATIONS = YES;
				CLANG_WARN_DIRECT_OBJC_ISA_USAGE = YES_ERROR;
				CLANG_WARN_DOCUMENTATION_COMMENTS = YES;
				CLANG_WARN_EMPTY_BODY = YES;
				CLANG_WARN_ENUM_CONVERSION = YES;
				CLANG_WARN_INFINITE_RECURSION = YES;
				CLANG_WARN_INT_CONVERSION = YES;
				CLANG_WARN_NON_LITERAL_NULL_CONVERSION = YES;
				CLANG_WARN_OBJC_IMPLICIT_RETAIN_SELF = YES;
				CLANG_WARN_OBJC_LITERAL_CONVERSION = YES;
				CLANG_WARN_OBJC_ROOT_CLASS = YES_ERROR;
				CLANG_WARN_QUOTED_INCLUDE_IN_FRAMEWORK_HEADER = YES;
				CLANG_WARN_RANGE_LOOP_ANALYSIS = YES;
				CLANG_WARN_STRICT_PROTOTYPES = YES;
				CLANG_WARN_SUSPICIOUS_MOVE = YES;
				CLANG_WARN_UNGUARDED_AVAILABILITY = YES_AGGRESSIVE;
				CLANG_WARN_UNREACHABLE_CODE = YES;
				CLANG_WARN__DUPLICATE_METHOD_MATCH = YES;
				COPY_PHASE_STRIP = NO;
				DEBUG_INFORMATION_FORMAT = "dwarf-with-dsym";
				ENABLE_NS_ASSERTIONS = NO;
				ENABLE_STRICT_OBJC_MSGSEND = YES;
				GCC_C_LANGUAGE_STANDARD = gnu11;
				GCC_NO_COMMON_BLOCKS = YES;
				GCC_WARN_64_TO_32_BIT_CONVERSION = YES;
				GCC_WARN_ABOUT_RETURN_TYPE = YES_ERROR;
				GCC_WARN_UNDECLARED_SELECTOR = YES;
				GCC_WARN_UNINITIALIZED_AUTOS = YES_AGGRESSIVE;
				GCC_WARN_UNUSED_FUNCTION = YES;
				GCC_WARN_UNUSED_VARIABLE = YES;
				IPHONEOS_DEPLOYMENT_TARGET = 14.5;
				MTL_ENABLE_DEBUG_INFO = NO;
				MTL_FAST_MATH = YES;
				SDKROOT = iphoneos;
				SWIFT_COMPILATION_MODE = wholemodule;
				SWIFT_OPTIMIZATION_LEVEL = "-O";
				VALIDATE_PRODUCT = YES;
			};
			name = Release;
		};
		E12EAA65291B0C0000130E54 /* Debug */ = {
			isa = XCBuildConfiguration;
			buildSettings = {
				ASSETCATALOG_COMPILER_APPICON_NAME = AppIcon;
				ASSETCATALOG_COMPILER_GLOBAL_ACCENT_COLOR_NAME = AccentColor;
				CODE_SIGN_STYLE = Automatic;
				DEVELOPMENT_ASSET_PATHS = "\"aula08Nov/Preview Content\"";
				DEVELOPMENT_TEAM = W2YM4ZKN8J;
				ENABLE_PREVIEWS = YES;
				INFOPLIST_FILE = aula08Nov/Info.plist;
				IPHONEOS_DEPLOYMENT_TARGET = 14.0;
				LD_RUNPATH_SEARCH_PATHS = (
					"$(inherited)",
					"@executable_path/Frameworks",
				);
				PRODUCT_BUNDLE_IDENTIFIER = lmc.cotuca.br.aula08Nov;
				PRODUCT_NAME = "$(TARGET_NAME)";
				SWIFT_VERSION = 5.0;
				TARGETED_DEVICE_FAMILY = "1,2";
			};
			name = Debug;
		};
		E12EAA66291B0C0000130E54 /* Release */ = {
			isa = XCBuildConfiguration;
			buildSettings = {
				ASSETCATALOG_COMPILER_APPICON_NAME = AppIcon;
				ASSETCATALOG_COMPILER_GLOBAL_ACCENT_COLOR_NAME = AccentColor;
				CODE_SIGN_STYLE = Automatic;
				DEVELOPMENT_ASSET_PATHS = "\"aula08Nov/Preview Content\"";
				DEVELOPMENT_TEAM = W2YM4ZKN8J;
				ENABLE_PREVIEWS = YES;
				INFOPLIST_FILE = aula08Nov/Info.plist;
				IPHONEOS_DEPLOYMENT_TARGET = 14.0;
				LD_RUNPATH_SEARCH_PATHS = (
					"$(inherited)",
					"@executable_path/Frameworks",
				);
				PRODUCT_BUNDLE_IDENTIFIER = lmc.cotuca.br.aula08Nov;
				PRODUCT_NAME = "$(TARGET_NAME)";
				SWIFT_VERSION = 5.0;
				TARGETED_DEVICE_FAMILY = "1,2";
			};
			name = Release;
		};
		E12EAA68291B0C0000130E54 /* Debug */ = {
			isa = XCBuildConfiguration;
			buildSettings = {
				ALWAYS_EMBED_SWIFT_STANDARD_LIBRARIES = YES;
				BUNDLE_LOADER = "$(TEST_HOST)";
				CODE_SIGN_STYLE = Automatic;
				DEVELOPMENT_TEAM = W2YM4ZKN8J;
				INFOPLIST_FILE = aula08NovTests/Info.plist;
				IPHONEOS_DEPLOYMENT_TARGET = 14.0;
				LD_RUNPATH_SEARCH_PATHS = (
					"$(inherited)",
					"@executable_path/Frameworks",
					"@loader_path/Frameworks",
				);
				PRODUCT_BUNDLE_IDENTIFIER = lmc.cotuca.br.aula08NovTests;
				PRODUCT_NAME = "$(TARGET_NAME)";
				SWIFT_VERSION = 5.0;
				TARGETED_DEVICE_FAMILY = "1,2";
				TEST_HOST = "$(BUILT_PRODUCTS_DIR)/aula08Nov.app/aula08Nov";
			};
			name = Debug;
		};
		E12EAA69291B0C0000130E54 /* Release */ = {
			isa = XCBuildConfiguration;
			buildSettings = {
				ALWAYS_EMBED_SWIFT_STANDARD_LIBRARIES = YES;
				BUNDLE_LOADER = "$(TEST_HOST)";
				CODE_SIGN_STYLE = Automatic;
				DEVELOPMENT_TEAM = W2YM4ZKN8J;
				INFOPLIST_FILE = aula08NovTests/Info.plist;
				IPHONEOS_DEPLOYMENT_TARGET = 14.0;
				LD_RUNPATH_SEARCH_PATHS = (
					"$(inherited)",
					"@executable_path/Frameworks",
					"@loader_path/Frameworks",
				);
				PRODUCT_BUNDLE_IDENTIFIER = lmc.cotuca.br.aula08NovTests;
				PRODUCT_NAME = "$(TARGET_NAME)";
				SWIFT_VERSION = 5.0;
				TARGETED_DEVICE_FAMILY = "1,2";
				TEST_HOST = "$(BUILT_PRODUCTS_DIR)/aula08Nov.app/aula08Nov";
			};
			name = Release;
		};
		E12EAA6B291B0C0000130E54 /* Debug */ = {
			isa = XCBuildConfiguration;
			buildSettings = {
				ALWAYS_EMBED_SWIFT_STANDARD_LIBRARIES = YES;
				CODE_SIGN_STYLE = Automatic;
				DEVELOPMENT_TEAM = W2YM4ZKN8J;
				INFOPLIST_FILE = aula08NovUITests/Info.plist;
				LD_RUNPATH_SEARCH_PATHS = (
					"$(inherited)",
					"@executable_path/Frameworks",
					"@loader_path/Frameworks",
				);
				PRODUCT_BUNDLE_IDENTIFIER = lmc.cotuca.br.aula08NovUITests;
				PRODUCT_NAME = "$(TARGET_NAME)";
				SWIFT_VERSION = 5.0;
				TARGETED_DEVICE_FAMILY = "1,2";
				TEST_TARGET_NAME = aula08Nov;
			};
			name = Debug;
		};
		E12EAA6C291B0C0000130E54 /* Release */ = {
			isa = XCBuildConfiguration;
			buildSettings = {
				ALWAYS_EMBED_SWIFT_STANDARD_LIBRARIES = YES;
				CODE_SIGN_STYLE = Automatic;
				DEVELOPMENT_TEAM = W2YM4ZKN8J;
				INFOPLIST_FILE = aula08NovUITests/Info.plist;
				LD_RUNPATH_SEARCH_PATHS = (
					"$(inherited)",
					"@executable_path/Frameworks",
					"@loader_path/Frameworks",
				);
				PRODUCT_BUNDLE_IDENTIFIER = lmc.cotuca.br.aula08NovUITests;
				PRODUCT_NAME = "$(TARGET_NAME)";
				SWIFT_VERSION = 5.0;
				TARGETED_DEVICE_FAMILY = "1,2";
				TEST_TARGET_NAME = aula08Nov;
			};
			name = Release;
		};
/* End XCBuildConfiguration section */

/* Begin XCConfigurationList section */
		E12EAA3A291B0BFF00130E54 /* Build configuration list for PBXProject "aula08Nov" */ = {
			isa = XCConfigurationList;
			buildConfigurations = (
				E12EAA62291B0C0000130E54 /* Debug */,
				E12EAA63291B0C0000130E54 /* Release */,
			);
			defaultConfigurationIsVisible = 0;
			defaultConfigurationName = Release;
		};
		E12EAA64291B0C0000130E54 /* Build configuration list for PBXNativeTarget "aula08Nov" */ = {
			isa = XCConfigurationList;
			buildConfigurations = (
				E12EAA65291B0C0000130E54 /* Debug */,
				E12EAA66291B0C0000130E54 /* Release */,
			);
			defaultConfigurationIsVisible = 0;
			defaultConfigurationName = Release;
		};
		E12EAA67291B0C0000130E54 /* Build configuration list for PBXNativeTarget "aula08NovTests" */ = {
			isa = XCConfigurationList;
			buildConfigurations = (
				E12EAA68291B0C0000130E54 /* Debug */,
				E12EAA69291B0C0000130E54 /* Release */,
			);
			defaultConfigurationIsVisible = 0;
			defaultConfigurationName = Release;
		};
		E12EAA6A291B0C0000130E54 /* Build configuration list for PBXNativeTarget "aula08NovUITests" */ = {
			isa = XCConfigurationList;
			buildConfigurations = (
				E12EAA6B291B0C0000130E54 /* Debug */,
				E12EAA6C291B0C0000130E54 /* Release */,
			);
			defaultConfigurationIsVisible = 0;
			defaultConfigurationName = Release;
		};
/* End XCConfigurationList section */
	};
	rootObject = E12EAA37291B0BFF00130E54 /* Project object */;
}
